
Microsoft Visual Studio Solution File, Format Version 12.00
# Visual Studio Version 16
VisualStudioVersion = 16.0.29102.190
MinimumVisualStudioVersion = 10.0.40219.1
Project("{FAE04EC0-301F-11D3-BF4B-00C04F79EFBC}") = "Sistema.Presentacion", "Sistema.Presentacion\Sistema.Presentacion.csproj", "{1DE6830C-4CD7-4327-94AF-5F34CA6ED6A9}"
EndProject
Project("{FAE04EC0-301F-11D3-BF4B-00C04F79EFBC}") = "Sistema.Entidades", "Sistema.Entidades\Sistema.Entidades.csproj", "{E2B84890-55A5-44D6-8276-D391646A159D}"
EndProject
Project("{FAE04EC0-301F-11D3-BF4B-00C04F79EFBC}") = "Sistema.Datoss", "Sistema.Datoss\Sistema.Datoss.csproj", "{C7697D14-1213-4BD6-AECB-9D53F172F56E}"
EndProject
Project("{FAE04EC0-301F-11D3-BF4B-00C04F79EFBC}") = "Sistema.Negocio", "Sistema.Negocio\Sistema.Negocio.csproj", "{2627BA75-B0F8-48D9-B379-8E8C6D16206F}"
EndProject
Global
	GlobalSection(SolutionConfigurationPlatforms) = preSolution
		Debug|Any CPU = Debug|Any CPU
		Release|Any CPU = Release|Any CPU
	EndGlobalSection
	GlobalSection(ProjectConfigurationPlatforms) = postSolution
		{1DE6830C-4CD7-4327-94AF-5F34CA6ED6A9}.Debug|Any CPU.ActiveCfg = Debug|Any CPU
		{1DE6830C-4CD7-4327-94AF-5F34CA6ED6A9}.Debug|Any CPU.Build.0 = Debug|Any CPU
		{1DE6830C-4CD7-4327-94AF-5F34CA6ED6A9}.Release|Any CPU.ActiveCfg = Release|Any CPU
		{1DE6830C-4CD7-4327-94AF-5F34CA6ED6A9}.Release|Any CPU.Build.0 = Release|Any CPU
		{E2B84890-55A5-44D6-8276-D391646A159D}.Debug|Any CPU.ActiveCfg = Debug|Any CPU
		{E2B84890-55A5-44D6-8276-D391646A159D}.Debug|Any CPU.Build.0 = Debug|Any CPU
		{E2B84890-55A5-44D6-8276-D391646A159D}.Release|Any CPU.ActiveCfg = Release|Any CPU
		{E2B84890-55A5-44D6-8276-D391646A159D}.Release|Any CPU.Build.0 = Release|Any CPU
		{C7697D14-1213-4BD6-AECB-9D53F172F56E}.Debug|Any CPU.ActiveCfg = Debug|Any CPU
		{C7697D14-1213-4BD6-AECB-9D53F172F56E}.Debug|Any CPU.Build.0 = Debug|Any CPU
		{C7697D14-1213-4BD6-AECB-9D53F172F56E}.Release|Any CPU.ActiveCfg = Release|Any CPU
		{C7697D14-1213-4BD6-AECB-9D53F172F56E}.Release|Any CPU.Build.0 = Release|Any CPU
		{2627BA75-B0F8-48D9-B379-8E8C6D16206F}.Debug|Any CPU.ActiveCfg = Debug|Any CPU
		{2627BA75-B0F8-48D9-B379-8E8C6D16206F}.Debug|Any CPU.Build.0 = Debug|Any CPU
		{2627BA75-B0F8-48D9-B379-8E8C6D16206F}.Release|Any CPU.ActiveCfg = Release|Any CPU
		{2627BA75-B0F8-48D9-B379-8E8C6D16206F}.Release|Any CPU.Build.0 = Release|Any CPU
	EndGlobalSection
	GlobalSection(SolutionProperties) = preSolution
		HideSolutionNode = FALSE
	EndGlobalSection
	GlobalSection(ExtensibilityGlobals) = postSolution
		SolutionGuid = {4948F73A-39B0-4096-B9EB-90DB97180F18}
	EndGlobalSection
EndGlobal
